
Microsoft Visual Studio Solution File, Format Version 12.00
# Visual Studio Version 17
VisualStudioVersion = 17.3.32825.248
MinimumVisualStudioVersion = 10.0.40219.1
Project("{9A19103F-16F7-4668-BE54-9A1E7A4F7556}") = "TestingObserverLib", "TestingObservableLib\TestingObserverLib.csproj", "{00557C30-7129-445D-AA5D-48ED122438D2}"
EndProject
Project("{9A19103F-16F7-4668-BE54-9A1E7A4F7556}") = "ObserverTest", "ObserverTest\ObserverTest.csproj", "{26289D42-9958-4436-8902-B1D28A4385F1}"
EndProject
Global
	GlobalSection(SolutionConfigurationPlatforms) = preSolution
		Debug|Any CPU = Debug|Any CPU
		Release|Any CPU = Release|Any CPU
	EndGlobalSection
	GlobalSection(ProjectConfigurationPlatforms) = postSolution
		{00557C30-7129-445D-AA5D-48ED122438D2}.Debug|Any CPU.ActiveCfg = Debug|Any CPU
		{00557C30-7129-445D-AA5D-48ED122438D2}.Debug|Any CPU.Build.0 = Debug|Any CPU
		{00557C30-7129-445D-AA5D-48ED122438D2}.Release|Any CPU.ActiveCfg = Release|Any CPU
		{00557C30-7129-445D-AA5D-48ED122438D2}.Release|Any CPU.Build.0 = Release|Any CPU
		{26289D42-9958-4436-8902-B1D28A4385F1}.Debug|Any CPU.ActiveCfg = Debug|Any CPU
		{26289D42-9958-4436-8902-B1D28A4385F1}.Debug|Any CPU.Build.0 = Debug|Any CPU
		{26289D42-9958-4436-8902-B1D28A4385F1}.Release|Any CPU.ActiveCfg = Release|Any CPU
		{26289D42-9958-4436-8902-B1D28A4385F1}.Release|Any CPU.Build.0 = Release|Any CPU
	EndGlobalSection
	GlobalSection(SolutionProperties) = preSolution
		HideSolutionNode = FALSE
	EndGlobalSection
	GlobalSection(ExtensibilityGlobals) = postSolution
		SolutionGuid = {49BD628F-C89C-4A5F-9A57-0FE4389C866A}
	EndGlobalSection
EndGlobal
